
Microsoft Visual Studio Solution File, Format Version 12.00
# Visual Studio 2013
VisualStudioVersion = 12.0.31101.0
MinimumVisualStudioVersion = 10.0.40219.1
Project("{FAE04EC0-301F-11D3-BF4B-00C04F79EFBC}") = "NewTests", "NewTests\NewTests.csproj", "{CCCB4FA8-E369-4A8E-AA27-93BD1BF79F41}"
EndProject
Project("{2150E333-8FDC-42A3-9474-1A3956D46DE8}") = ".nuget", ".nuget", "{74024A0C-D72A-4FA7-9D23-7DD3CC57C76C}"
	ProjectSection(SolutionItems) = preProject
		.nuget\packages.config = .nuget\packages.config
	EndProjectSection
EndProject
Project("{FAE04EC0-301F-11D3-BF4B-00C04F79EFBC}") = "NewTests.UnitTests", "NewTests.UnitTests\NewTests.UnitTests.csproj", "{007B7715-9481-45BD-B395-F1D407847CC2}"
EndProject
Global
	GlobalSection(SolutionConfigurationPlatforms) = preSolution
		Debug|Any CPU = Debug|Any CPU
		Release|Any CPU = Release|Any CPU
	EndGlobalSection
	GlobalSection(ProjectConfigurationPlatforms) = postSolution
		{CCCB4FA8-E369-4A8E-AA27-93BD1BF79F41}.Debug|Any CPU.ActiveCfg = Debug|Any CPU
		{CCCB4FA8-E369-4A8E-AA27-93BD1BF79F41}.Debug|Any CPU.Build.0 = Debug|Any CPU
		{CCCB4FA8-E369-4A8E-AA27-93BD1BF79F41}.Release|Any CPU.ActiveCfg = Release|Any CPU
		{CCCB4FA8-E369-4A8E-AA27-93BD1BF79F41}.Release|Any CPU.Build.0 = Release|Any CPU
		{007B7715-9481-45BD-B395-F1D407847CC2}.Debug|Any CPU.ActiveCfg = Debug|Any CPU
		{007B7715-9481-45BD-B395-F1D407847CC2}.Debug|Any CPU.Build.0 = Debug|Any CPU
		{007B7715-9481-45BD-B395-F1D407847CC2}.Release|Any CPU.ActiveCfg = Release|Any CPU
		{007B7715-9481-45BD-B395-F1D407847CC2}.Release|Any CPU.Build.0 = Release|Any CPU
	EndGlobalSection
	GlobalSection(SolutionProperties) = preSolution
		HideSolutionNode = FALSE
	EndGlobalSection
EndGlobal
